
Microsoft Visual Studio Solution File, Format Version 12.00
# Visual Studio Version 17
VisualStudioVersion = 17.6.33829.357
MinimumVisualStudioVersion = 10.0.40219.1
Project("{FAE04EC0-301F-11D3-BF4B-00C04F79EFBC}") = "WEBAPP", "WEBAPP\WEBAPP.csproj", "{E8D20794-ED63-40E7-BF5F-1EACFAD778E8}"
EndProject
Global
	GlobalSection(SolutionConfigurationPlatforms) = preSolution
		Debug|Any CPU = Debug|Any CPU
		Release|Any CPU = Release|Any CPU
	EndGlobalSection
	GlobalSection(ProjectConfigurationPlatforms) = postSolution
		{E8D20794-ED63-40E7-BF5F-1EACFAD778E8}.Debug|Any CPU.ActiveCfg = Debug|Any CPU
		{E8D20794-ED63-40E7-BF5F-1EACFAD778E8}.Debug|Any CPU.Build.0 = Debug|Any CPU
		{E8D20794-ED63-40E7-BF5F-1EACFAD778E8}.Release|Any CPU.ActiveCfg = Release|Any CPU
		{E8D20794-ED63-40E7-BF5F-1EACFAD778E8}.Release|Any CPU.Build.0 = Release|Any CPU
	EndGlobalSection
	GlobalSection(SolutionProperties) = preSolution
		HideSolutionNode = FALSE
	EndGlobalSection
	GlobalSection(ExtensibilityGlobals) = postSolution
		SolutionGuid = {16D410EC-A058-4A5F-B12A-F4EE88E8D8D8}
	EndGlobalSection
EndGlobal
